
Microsoft Visual Studio Solution File, Format Version 12.00
# Visual Studio Version 16
VisualStudioVersion = 16.0.31321.278
MinimumVisualStudioVersion = 10.0.40219.1
Project("{FAE04EC0-301F-11D3-BF4B-00C04F79EFBC}") = "FixSASSkill", "FixSASSkill.csproj", "{D77207C9-5D61-47BD-B9A3-B4B2F807960A}"
EndProject
Global
	GlobalSection(SolutionConfigurationPlatforms) = preSolution
		Debug|Any CPU = Debug|Any CPU
		Release|Any CPU = Release|Any CPU
	EndGlobalSection
	GlobalSection(ProjectConfigurationPlatforms) = postSolution
		{D77207C9-5D61-47BD-B9A3-B4B2F807960A}.Debug|Any CPU.ActiveCfg = Debug|Any CPU
		{D77207C9-5D61-47BD-B9A3-B4B2F807960A}.Debug|Any CPU.Build.0 = Debug|Any CPU
		{D77207C9-5D61-47BD-B9A3-B4B2F807960A}.Release|Any CPU.ActiveCfg = Release|Any CPU
		{D77207C9-5D61-47BD-B9A3-B4B2F807960A}.Release|Any CPU.Build.0 = Release|Any CPU
	EndGlobalSection
	GlobalSection(SolutionProperties) = preSolution
		HideSolutionNode = FALSE
	EndGlobalSection
	GlobalSection(ExtensibilityGlobals) = postSolution
		SolutionGuid = {80C94C42-9982-40E5-B2A1-670556CB1211}
	EndGlobalSection
EndGlobal
